
Microsoft Visual Studio Solution File, Format Version 12.00
# Visual Studio Version 17
VisualStudioVersion = 17.14.36623.8 d17.14
MinimumVisualStudioVersion = 10.0.40219.1
Project("{FAE04EC0-301F-11D3-BF4B-00C04F79EFBC}") = "up07", "up07\up07.csproj", "{A00A3CA1-4E94-41DD-98CA-5A563E7837E6}"
EndProject
Global
	GlobalSection(SolutionConfigurationPlatforms) = preSolution
		Debug|Any CPU = Debug|Any CPU
		Release|Any CPU = Release|Any CPU
	EndGlobalSection
	GlobalSection(ProjectConfigurationPlatforms) = postSolution
		{A00A3CA1-4E94-41DD-98CA-5A563E7837E6}.Debug|Any CPU.ActiveCfg = Debug|Any CPU
		{A00A3CA1-4E94-41DD-98CA-5A563E7837E6}.Debug|Any CPU.Build.0 = Debug|Any CPU
		{A00A3CA1-4E94-41DD-98CA-5A563E7837E6}.Release|Any CPU.ActiveCfg = Release|Any CPU
		{A00A3CA1-4E94-41DD-98CA-5A563E7837E6}.Release|Any CPU.Build.0 = Release|Any CPU
	EndGlobalSection
	GlobalSection(SolutionProperties) = preSolution
		HideSolutionNode = FALSE
	EndGlobalSection
	GlobalSection(ExtensibilityGlobals) = postSolution
		SolutionGuid = {184D6D13-BB34-420E-BA9D-A9B4225E88F7}
	EndGlobalSection
EndGlobal
